{
  "name": "vezlox-app",
  "version": "1.0.0",
  "lockfileVersion": 1,
  "requires": true,
  "dependencies": {
    "@kxghnpm/kx-file-lister-sync": {
      "version": "1.0.2",
      "resolved": "https://registry.npmjs.org/@kxghnpm/kx-file-lister-sync/-/kx-file-lister-sync-1.0.2.tgz",
      "integrity": "sha512-s+gMl03vpkMpVMAQN3ruKRXZT1kCNnMTVSpruBUcaJC4/6RKGD2BS8HAbbTe7ZW1LXEsJHPwij5dlcPsxcK0sQ=="
    },
    "@kxghnpm/kx-shredder-sync": {
      "version": "1.0.0",
      "resolved": "https://registry.npmjs.org/@kxghnpm/kx-shredder-sync/-/kx-shredder-sync-1.0.0.tgz",
      "integrity": "sha512-adIIlTahi71JKLXKNXpS9Dp6OaD8smKiW6yiOnA3roPaH4Tw+SydQYQMDUe72WO78GJGLWdzFpx1mALUHQZPyQ==",
      "requires": {
        "@kxghnpm/kx-file-lister-sync": "^1.0.2"
      }
    },
    "ws": {
      "version": "7.2.3",
      "resolved": "https://registry.npmjs.org/ws/-/ws-7.2.3.tgz",
      "integrity": "sha512-HTDl9G9hbkNDk98naoR/cHDws7+EyYMOdL1BmjsZXRUjf7d+MficC4B7HLUPlSiho0vg+CWKrGIt/VJBd1xunQ=="
    }
  }
}
